// !$*UTF8*$!
{
	archiveVersion = 1;
	classes = {
	};
	objectVersion = 55;
	objects = {

/* Begin PBXBuildFile section */
		41463E31467374885C628C99 /* Pods_MakingConstraints.framework in Frameworks */ = {isa = PBXBuildFile; fileRef = 32EDA4DE5C55477C941DBFEB /* Pods_MakingConstraints.framework */; };
		C888F9D929119C71003EE468 /* SwapCurrencyView.swift in Sources */ = {isa = PBXBuildFile; fileRef = C888F9D829119C71003EE468 /* SwapCurrencyView.swift */; };
		C888F9DC29129D2F003EE468 /* Dynamic.swift in Sources */ = {isa = PBXBuildFile; fileRef = C888F9DB29129D2F003EE468 /* Dynamic.swift */; };
		C888F9DE29129E34003EE468 /* SwapCurrencyViewModel.swift in Sources */ = {isa = PBXBuildFile; fileRef = C888F9DD29129E34003EE468 /* SwapCurrencyViewModel.swift */; };
		C8DD6A432903DE1200CA896B /* AppDelegate.swift in Sources */ = {isa = PBXBuildFile; fileRef = C8DD6A422903DE1200CA896B /* AppDelegate.swift */; };
		C8DD6A452903DE1200CA896B /* SceneDelegate.swift in Sources */ = {isa = PBXBuildFile; fileRef = C8DD6A442903DE1200CA896B /* SceneDelegate.swift */; };
		C8DD6A472903DE1200CA896B /* SwapCurrencyViewController.swift in Sources */ = {isa = PBXBuildFile; fileRef = C8DD6A462903DE1200CA896B /* SwapCurrencyViewController.swift */; };
		C8DD6A4D2903DE1200CA896B /* MakingConstraints.xcdatamodeld in Sources */ = {isa = PBXBuildFile; fileRef = C8DD6A4B2903DE1200CA896B /* MakingConstraints.xcdatamodeld */; };
		C8DD6A4F2903DE1400CA896B /* Assets.xcassets in Resources */ = {isa = PBXBuildFile; fileRef = C8DD6A4E2903DE1400CA896B /* Assets.xcassets */; };
		C8DD6A522903DE1400CA896B /* LaunchScreen.storyboard in Resources */ = {isa = PBXBuildFile; fileRef = C8DD6A502903DE1400CA896B /* LaunchScreen.storyboard */; };
		C8DD6A5A290406D500CA896B /* SelectTokenButton.swift in Sources */ = {isa = PBXBuildFile; fileRef = C8DD6A59290406D500CA896B /* SelectTokenButton.swift */; };
		C8DD6A732904217600CA896B /* Inter-Regular.otf in Resources */ = {isa = PBXBuildFile; fileRef = C8DD6A5E2904217600CA896B /* Inter-Regular.otf */; };
		C8DD6A882904303A00CA896B /* ExchangeSelectorLabel.swift in Sources */ = {isa = PBXBuildFile; fileRef = C8DD6A872904303A00CA896B /* ExchangeSelectorLabel.swift */; };
		C8DD6A8A2904C0C000CA896B /* Resources.swift in Sources */ = {isa = PBXBuildFile; fileRef = C8DD6A892904C0C000CA896B /* Resources.swift */; };
		C8DD6A8C2904C64B00CA896B /* EmptyModalViewController.swift in Sources */ = {isa = PBXBuildFile; fileRef = C8DD6A8B2904C64B00CA896B /* EmptyModalViewController.swift */; };
/* End PBXBuildFile section */

/* Begin PBXFileReference section */
		328EBC18FF35FB634AF114C7 /* Pods-MakingConstraints.debug.xcconfig */ = {isa = PBXFileReference; includeInIndex = 1; lastKnownFileType = text.xcconfig; name = "Pods-MakingConstraints.debug.xcconfig"; path = "Target Support Files/Pods-MakingConstraints/Pods-MakingConstraints.debug.xcconfig"; sourceTree = "<group>"; };
		32EDA4DE5C55477C941DBFEB /* Pods_MakingConstraints.framework */ = {isa = PBXFileReference; explicitFileType = wrapper.framework; includeInIndex = 0; path = Pods_MakingConstraints.framework; sourceTree = BUILT_PRODUCTS_DIR; };
		33B12A775A9FB0F75F30E5E6 /* Pods-MakingConstraints.release.xcconfig */ = {isa = PBXFileReference; includeInIndex = 1; lastKnownFileType = text.xcconfig; name = "Pods-MakingConstraints.release.xcconfig"; path = "Target Support Files/Pods-MakingConstraints/Pods-MakingConstraints.release.xcconfig"; sourceTree = "<group>"; };
		C888F9D829119C71003EE468 /* SwapCurrencyView.swift */ = {isa = PBXFileReference; lastKnownFileType = sourcecode.swift; path = SwapCurrencyView.swift; sourceTree = "<group>"; };
		C888F9DB29129D2F003EE468 /* Dynamic.swift */ = {isa = PBXFileReference; lastKnownFileType = sourcecode.swift; path = Dynamic.swift; sourceTree = "<group>"; };
		C888F9DD29129E34003EE468 /* SwapCurrencyViewModel.swift */ = {isa = PBXFileReference; lastKnownFileType = sourcecode.swift; path = SwapCurrencyViewModel.swift; sourceTree = "<group>"; };
		C8DD6A3F2903DE1200CA896B /* MakingConstraints.app */ = {isa = PBXFileReference; explicitFileType = wrapper.application; includeInIndex = 0; path = MakingConstraints.app; sourceTree = BUILT_PRODUCTS_DIR; };
		C8DD6A422903DE1200CA896B /* AppDelegate.swift */ = {isa = PBXFileReference; lastKnownFileType = sourcecode.swift; path = AppDelegate.swift; sourceTree = "<group>"; };
		C8DD6A442903DE1200CA896B /* SceneDelegate.swift */ = {isa = PBXFileReference; lastKnownFileType = sourcecode.swift; path = SceneDelegate.swift; sourceTree = "<group>"; };
		C8DD6A462903DE1200CA896B /* SwapCurrencyViewController.swift */ = {isa = PBXFileReference; lastKnownFileType = sourcecode.swift; path = SwapCurrencyViewController.swift; sourceTree = "<group>"; };
		C8DD6A4C2903DE1200CA896B /* MakingConstraints.xcdatamodel */ = {isa = PBXFileReference; lastKnownFileType = wrapper.xcdatamodel; path = MakingConstraints.xcdatamodel; sourceTree = "<group>"; };
		C8DD6A4E2903DE1400CA896B /* Assets.xcassets */ = {isa = PBXFileReference; lastKnownFileType = folder.assetcatalog; path = Assets.xcassets; sourceTree = "<group>"; };
		C8DD6A512903DE1400CA896B /* Base */ = {isa = PBXFileReference; lastKnownFileType = file.storyboard; name = Base; path = Base.lproj/LaunchScreen.storyboard; sourceTree = "<group>"; };
		C8DD6A532903DE1400CA896B /* Info.plist */ = {isa = PBXFileReference; lastKnownFileType = text.plist.xml; path = Info.plist; sourceTree = "<group>"; };
		C8DD6A59290406D500CA896B /* SelectTokenButton.swift */ = {isa = PBXFileReference; lastKnownFileType = sourcecode.swift; path = SelectTokenButton.swift; sourceTree = "<group>"; };
		C8DD6A5E2904217600CA896B /* Inter-Regular.otf */ = {isa = PBXFileReference; lastKnownFileType = file; path = "Inter-Regular.otf"; sourceTree = "<group>"; };
		C8DD6A872904303A00CA896B /* ExchangeSelectorLabel.swift */ = {isa = PBXFileReference; lastKnownFileType = sourcecode.swift; path = ExchangeSelectorLabel.swift; sourceTree = "<group>"; };
		C8DD6A892904C0C000CA896B /* Resources.swift */ = {isa = PBXFileReference; lastKnownFileType = sourcecode.swift; path = Resources.swift; sourceTree = "<group>"; };
		C8DD6A8B2904C64B00CA896B /* EmptyModalViewController.swift */ = {isa = PBXFileReference; lastKnownFileType = sourcecode.swift; path = EmptyModalViewController.swift; sourceTree = "<group>"; };
/* End PBXFileReference section */

/* Begin PBXFrameworksBuildPhase section */
		C8DD6A3C2903DE1200CA896B /* Frameworks */ = {
			isa = PBXFrameworksBuildPhase;
			buildActionMask = 2147483647;
			files = (
				41463E31467374885C628C99 /* Pods_MakingConstraints.framework in Frameworks */,
			);
			runOnlyForDeploymentPostprocessing = 0;
		};
/* End PBXFrameworksBuildPhase section */

/* Begin PBXGroup section */
		8B7C7846FE383563E5597F02 /* Frameworks */ = {
			isa = PBXGroup;
			children = (
				32EDA4DE5C55477C941DBFEB /* Pods_MakingConstraints.framework */,
			);
			name = Frameworks;
			sourceTree = "<group>";
		};
		C888F9D229113A0D003EE468 /* ViewControllers */ = {
			isa = PBXGroup;
			children = (
				C888F9D429113A49003EE468 /* SwapCurrencyViewController */,
				C888F9D529113A54003EE468 /* EmptyModalViewController */,
			);
			path = ViewControllers;
			sourceTree = "<group>";
		};
		C888F9D329113A32003EE468 /* Support */ = {
			isa = PBXGroup;
			children = (
				C8DD6A5B2904216100CA896B /* Fonts */,
				C8DD6A4B2903DE1200CA896B /* MakingConstraints.xcdatamodeld */,
				C8DD6A422903DE1200CA896B /* AppDelegate.swift */,
				C8DD6A442903DE1200CA896B /* SceneDelegate.swift */,
				C8DD6A4E2903DE1400CA896B /* Assets.xcassets */,
				C8DD6A502903DE1400CA896B /* LaunchScreen.storyboard */,
			);
			path = Support;
			sourceTree = "<group>";
		};
		C888F9D429113A49003EE468 /* SwapCurrencyViewController */ = {
			isa = PBXGroup;
			children = (
				C888F9D629113A6A003EE468 /* Views */,
				C8DD6A462903DE1200CA896B /* SwapCurrencyViewController.swift */,
				C888F9D729113B02003EE468 /* Support */,
			);
			path = SwapCurrencyViewController;
			sourceTree = "<group>";
		};
		C888F9D529113A54003EE468 /* EmptyModalViewController */ = {
			isa = PBXGroup;
			children = (
				C8DD6A8B2904C64B00CA896B /* EmptyModalViewController.swift */,
			);
			path = EmptyModalViewController;
			sourceTree = "<group>";
		};
		C888F9D629113A6A003EE468 /* Views */ = {
			isa = PBXGroup;
			children = (
				C8DD6A59290406D500CA896B /* SelectTokenButton.swift */,
				C8DD6A872904303A00CA896B /* ExchangeSelectorLabel.swift */,
				C888F9D829119C71003EE468 /* SwapCurrencyView.swift */,
			);
			path = Views;
			sourceTree = "<group>";
		};
		C888F9D729113B02003EE468 /* Support */ = {
			isa = PBXGroup;
			children = (
				C8DD6A892904C0C000CA896B /* Resources.swift */,
			);
			path = Support;
			sourceTree = "<group>";
		};
		C888F9DA29129D15003EE468 /* ViewModels */ = {
			isa = PBXGroup;
			children = (
				C888F9DB29129D2F003EE468 /* Dynamic.swift */,
				C888F9DD29129E34003EE468 /* SwapCurrencyViewModel.swift */,
			);
			path = ViewModels;
			sourceTree = "<group>";
		};
		C8DD6A362903DE1200CA896B = {
			isa = PBXGroup;
			children = (
				C8DD6A412903DE1200CA896B /* MakingConstraints */,
				C8DD6A402903DE1200CA896B /* Products */,
				E10A04365A9E1F4A4F07438D /* Pods */,
				8B7C7846FE383563E5597F02 /* Frameworks */,
			);
			sourceTree = "<group>";
		};
		C8DD6A402903DE1200CA896B /* Products */ = {
			isa = PBXGroup;
			children = (
				C8DD6A3F2903DE1200CA896B /* MakingConstraints.app */,
			);
			name = Products;
			sourceTree = "<group>";
		};
		C8DD6A412903DE1200CA896B /* MakingConstraints */ = {
			isa = PBXGroup;
			children = (
				C8DD6A532903DE1400CA896B /* Info.plist */,
				C888F9DA29129D15003EE468 /* ViewModels */,
				C888F9D229113A0D003EE468 /* ViewControllers */,
				C888F9D329113A32003EE468 /* Support */,
			);
			path = MakingConstraints;
			sourceTree = "<group>";
		};
		C8DD6A5B2904216100CA896B /* Fonts */ = {
			isa = PBXGroup;
			children = (
				C8DD6A5C2904217600CA896B /* Inter */,
			);
			path = Fonts;
			sourceTree = "<group>";
		};
		C8DD6A5C2904217600CA896B /* Inter */ = {
			isa = PBXGroup;
			children = (
				C8DD6A5E2904217600CA896B /* Inter-Regular.otf */,
			);
			path = Inter;
			sourceTree = "<group>";
		};
		E10A04365A9E1F4A4F07438D /* Pods */ = {
			isa = PBXGroup;
			children = (
				328EBC18FF35FB634AF114C7 /* Pods-MakingConstraints.debug.xcconfig */,
				33B12A775A9FB0F75F30E5E6 /* Pods-MakingConstraints.release.xcconfig */,
			);
			path = Pods;
			sourceTree = "<group>";
		};
/* End PBXGroup section */

/* Begin PBXNativeTarget section */
		C8DD6A3E2903DE1200CA896B /* MakingConstraints */ = {
			isa = PBXNativeTarget;
			buildConfigurationList = C8DD6A562903DE1400CA896B /* Build configuration list for PBXNativeTarget "MakingConstraints" */;
			buildPhases = (
				9071153C9EE1415DCDEAFA5D /* [CP] Check Pods Manifest.lock */,
				C8DD6A3B2903DE1200CA896B /* Sources */,
				C8DD6A3C2903DE1200CA896B /* Frameworks */,
				C8DD6A3D2903DE1200CA896B /* Resources */,
				3AF12FB57AE81462B59638EA /* [CP] Embed Pods Frameworks */,
			);
			buildRules = (
			);
			dependencies = (
			);
			name = MakingConstraints;
			productName = MakingConstraints;
			productReference = C8DD6A3F2903DE1200CA896B /* MakingConstraints.app */;
			productType = "com.apple.product-type.application";
		};
/* End PBXNativeTarget section */

/* Begin PBXProject section */
		C8DD6A372903DE1200CA896B /* Project object */ = {
			isa = PBXProject;
			attributes = {
				BuildIndependentTargetsInParallel = 1;
				LastSwiftUpdateCheck = 1340;
				LastUpgradeCheck = 1340;
				TargetAttributes = {
					C8DD6A3E2903DE1200CA896B = {
						CreatedOnToolsVersion = 13.4.1;
					};
				};
			};
			buildConfigurationList = C8DD6A3A2903DE1200CA896B /* Build configuration list for PBXProject "MakingConstraints" */;
			compatibilityVersion = "Xcode 13.0";
			developmentRegion = en;
			hasScannedForEncodings = 0;
			knownRegions = (
				en,
				Base,
			);
			mainGroup = C8DD6A362903DE1200CA896B;
			productRefGroup = C8DD6A402903DE1200CA896B /* Products */;
			projectDirPath = "";
			projectRoot = "";
			targets = (
				C8DD6A3E2903DE1200CA896B /* MakingConstraints */,
			);
		};
/* End PBXProject section */

/* Begin PBXResourcesBuildPhase section */
		C8DD6A3D2903DE1200CA896B /* Resources */ = {
			isa = PBXResourcesBuildPhase;
			buildActionMask = 2147483647;
			files = (
				C8DD6A522903DE1400CA896B /* LaunchScreen.storyboard in Resources */,
				C8DD6A732904217600CA896B /* Inter-Regular.otf in Resources */,
				C8DD6A4F2903DE1400CA896B /* Assets.xcassets in Resources */,
			);
			runOnlyForDeploymentPostprocessing = 0;
		};
/* End PBXResourcesBuildPhase section */

/* Begin PBXShellScriptBuildPhase section */
		3AF12FB57AE81462B59638EA /* [CP] Embed Pods Frameworks */ = {
			isa = PBXShellScriptBuildPhase;
			buildActionMask = 2147483647;
			files = (
			);
			inputFileListPaths = (
				"${PODS_ROOT}/Target Support Files/Pods-MakingConstraints/Pods-MakingConstraints-frameworks-${CONFIGURATION}-input-files.xcfilelist",
			);
			name = "[CP] Embed Pods Frameworks";
			outputFileListPaths = (
				"${PODS_ROOT}/Target Support Files/Pods-MakingConstraints/Pods-MakingConstraints-frameworks-${CONFIGURATION}-output-files.xcfilelist",
			);
			runOnlyForDeploymentPostprocessing = 0;
			shellPath = /bin/sh;
			shellScript = "\"${PODS_ROOT}/Target Support Files/Pods-MakingConstraints/Pods-MakingConstraints-frameworks.sh\"\n";
			showEnvVarsInLog = 0;
		};
		9071153C9EE1415DCDEAFA5D /* [CP] Check Pods Manifest.lock */ = {
			isa = PBXShellScriptBuildPhase;
			buildActionMask = 2147483647;
			files = (
			);
			inputFileListPaths = (
			);
			inputPaths = (
				"${PODS_PODFILE_DIR_PATH}/Podfile.lock",
				"${PODS_ROOT}/Manifest.lock",
			);
			name = "[CP] Check Pods Manifest.lock";
			outputFileListPaths = (
			);
			outputPaths = (
				"$(DERIVED_FILE_DIR)/Pods-MakingConstraints-checkManifestLockResult.txt",
			);
			runOnlyForDeploymentPostprocessing = 0;
			shellPath = /bin/sh;
			shellScript = "diff \"${PODS_PODFILE_DIR_PATH}/Podfile.lock\" \"${PODS_ROOT}/Manifest.lock\" > /dev/null\nif [ $? != 0 ] ; then\n    # print error to STDERR\n    echo \"error: The sandbox is not in sync with the Podfile.lock. Run 'pod install' or update your CocoaPods installation.\" >&2\n    exit 1\nfi\n# This output is used by Xcode 'outputs' to avoid re-running this script phase.\necho \"SUCCESS\" > \"${SCRIPT_OUTPUT_FILE_0}\"\n";
			showEnvVarsInLog = 0;
		};
/* End PBXShellScriptBuildPhase section */

/* Begin PBXSourcesBuildPhase section */
		C8DD6A3B2903DE1200CA896B /* Sources */ = {
			isa = PBXSourcesBuildPhase;
			buildActionMask = 2147483647;
			files = (
				C8DD6A5A290406D500CA896B /* SelectTokenButton.swift in Sources */,
				C888F9DC29129D2F003EE468 /* Dynamic.swift in Sources */,
				C8DD6A472903DE1200CA896B /* SwapCurrencyViewController.swift in Sources */,
				C888F9DE29129E34003EE468 /* SwapCurrencyViewModel.swift in Sources */,
				C8DD6A8A2904C0C000CA896B /* Resources.swift in Sources */,
				C8DD6A4D2903DE1200CA896B /* MakingConstraints.xcdatamodeld in Sources */,
				C8DD6A8C2904C64B00CA896B /* EmptyModalViewController.swift in Sources */,
				C8DD6A432903DE1200CA896B /* AppDelegate.swift in Sources */,
				C888F9D929119C71003EE468 /* SwapCurrencyView.swift in Sources */,
				C8DD6A882904303A00CA896B /* ExchangeSelectorLabel.swift in Sources */,
				C8DD6A452903DE1200CA896B /* SceneDelegate.swift in Sources */,
			);
			runOnlyForDeploymentPostprocessing = 0;
		};
/* End PBXSourcesBuildPhase section */

/* Begin PBXVariantGroup section */
		C8DD6A502903DE1400CA896B /* LaunchScreen.storyboard */ = {
			isa = PBXVariantGroup;
			children = (
				C8DD6A512903DE1400CA896B /* Base */,
			);
			name = LaunchScreen.storyboard;
			sourceTree = "<group>";
		};
/* End PBXVariantGroup section */

/* Begin XCBuildConfiguration section */
		C8DD6A542903DE1400CA896B /* Debug */ = {
			isa = XCBuildConfiguration;
			buildSettings = {
				ALWAYS_SEARCH_USER_PATHS = NO;
				CLANG_ANALYZER_NONNULL = YES;
				CLANG_ANALYZER_NUMBER_OBJECT_CONVERSION = YES_AGGRESSIVE;
				CLANG_CXX_LANGUAGE_STANDARD = "gnu++17";
				CLANG_ENABLE_MODULES = YES;
				CLANG_ENABLE_OBJC_ARC = YES;
				CLANG_ENABLE_OBJC_WEAK = YES;
				CLANG_WARN_BLOCK_CAPTURE_AUTORELEASING = YES;
				CLANG_WARN_BOOL_CONVERSION = YES;
				CLANG_WARN_COMMA = YES;
				CLANG_WARN_CONSTANT_CONVERSION = YES;
				CLANG_WARN_DEPRECATED_OBJC_IMPLEMENTATIONS = YES;
				CLANG_WARN_DIRECT_OBJC_ISA_USAGE = YES_ERROR;
				CLANG_WARN_DOCUMENTATION_COMMENTS = YES;
				CLANG_WARN_EMPTY_BODY = YES;
				CLANG_WARN_ENUM_CONVERSION = YES;
				CLANG_WARN_INFINITE_RECURSION = YES;
				CLANG_WARN_INT_CONVERSION = YES;
				CLANG_WARN_NON_LITERAL_NULL_CONVERSION = YES;
				CLANG_WARN_OBJC_IMPLICIT_RETAIN_SELF = YES;
				CLANG_WARN_OBJC_LITERAL_CONVERSION = YES;
				CLANG_WARN_OBJC_ROOT_CLASS = YES_ERROR;
				CLANG_WARN_QUOTED_INCLUDE_IN_FRAMEWORK_HEADER = YES;
				CLANG_WARN_RANGE_LOOP_ANALYSIS = YES;
				CLANG_WARN_STRICT_PROTOTYPES = YES;
				CLANG_WARN_SUSPICIOUS_MOVE = YES;
				CLANG_WARN_UNGUARDED_AVAILABILITY = YES_AGGRESSIVE;
				CLANG_WARN_UNREACHABLE_CODE = YES;
				CLANG_WARN__DUPLICATE_METHOD_MATCH = YES;
				COPY_PHASE_STRIP = NO;
				DEBUG_INFORMATION_FORMAT = dwarf;
				ENABLE_STRICT_OBJC_MSGSEND = YES;
				ENABLE_TESTABILITY = YES;
				GCC_C_LANGUAGE_STANDARD = gnu11;
				GCC_DYNAMIC_NO_PIC = NO;
				GCC_NO_COMMON_BLOCKS = YES;
				GCC_OPTIMIZATION_LEVEL = 0;
				GCC_PREPROCESSOR_DEFINITIONS = (
					"DEBUG=1",
					"$(inherited)",
				);
				GCC_WARN_64_TO_32_BIT_CONVERSION = YES;
				GCC_WARN_ABOUT_RETURN_TYPE = YES_ERROR;
				GCC_WARN_UNDECLARED_SELECTOR = YES;
				GCC_WARN_UNINITIALIZED_AUTOS = YES_AGGRESSIVE;
				GCC_WARN_UNUSED_FUNCTION = YES;
				GCC_WARN_UNUSED_VARIABLE = YES;
				IPHONEOS_DEPLOYMENT_TARGET = 15.5;
				MTL_ENABLE_DEBUG_INFO = INCLUDE_SOURCE;
				MTL_FAST_MATH = YES;
				ONLY_ACTIVE_ARCH = YES;
				SDKROOT = iphoneos;
				SWIFT_ACTIVE_COMPILATION_CONDITIONS = DEBUG;
				SWIFT_OPTIMIZATION_LEVEL = "-Onone";
			};
			name = Debug;
		};
		C8DD6A552903DE1400CA896B /* Release */ = {
			isa = XCBuildConfiguration;
			buildSettings = {
				ALWAYS_SEARCH_USER_PATHS = NO;
				CLANG_ANALYZER_NONNULL = YES;
				CLANG_ANALYZER_NUMBER_OBJECT_CONVERSION = YES_AGGRESSIVE;
				CLANG_CXX_LANGUAGE_STANDARD = "gnu++17";
				CLANG_ENABLE_MODULES = YES;
				CLANG_ENABLE_OBJC_ARC = YES;
				CLANG_ENABLE_OBJC_WEAK = YES;
				CLANG_WARN_BLOCK_CAPTURE_AUTORELEASING = YES;
				CLANG_WARN_BOOL_CONVERSION = YES;
				CLANG_WARN_COMMA = YES;
				CLANG_WARN_CONSTANT_CONVERSION = YES;
				CLANG_WARN_DEPRECATED_OBJC_IMPLEMENTATIONS = YES;
				CLANG_WARN_DIRECT_OBJC_ISA_USAGE = YES_ERROR;
				CLANG_WARN_DOCUMENTATION_COMMENTS = YES;
				CLANG_WARN_EMPTY_BODY = YES;
				CLANG_WARN_ENUM_CONVERSION = YES;
				CLANG_WARN_INFINITE_RECURSION = YES;
				CLANG_WARN_INT_CONVERSION = YES;
				CLANG_WARN_NON_LITERAL_NULL_CONVERSION = YES;
				CLANG_WARN_OBJC_IMPLICIT_RETAIN_SELF = YES;
				CLANG_WARN_OBJC_LITERAL_CONVERSION = YES;
				CLANG_WARN_OBJC_ROOT_CLASS = YES_ERROR;
				CLANG_WARN_QUOTED_INCLUDE_IN_FRAMEWORK_HEADER = YES;
				CLANG_WARN_RANGE_LOOP_ANALYSIS = YES;
				CLANG_WARN_STRICT_PROTOTYPES = YES;
				CLANG_WARN_SUSPICIOUS_MOVE = YES;
				CLANG_WARN_UNGUARDED_AVAILABILITY = YES_AGGRESSIVE;
				CLANG_WARN_UNREACHABLE_CODE = YES;
				CLANG_WARN__DUPLICATE_METHOD_MATCH = YES;
				COPY_PHASE_STRIP = NO;
				DEBUG_INFORMATION_FORMAT = "dwarf-with-dsym";
				ENABLE_NS_ASSERTIONS = NO;
				ENABLE_STRICT_OBJC_MSGSEND = YES;
				GCC_C_LANGUAGE_STANDARD = gnu11;
				GCC_NO_COMMON_BLOCKS = YES;
				GCC_WARN_64_TO_32_BIT_CONVERSION = YES;
				GCC_WARN_ABOUT_RETURN_TYPE = YES_ERROR;
				GCC_WARN_UNDECLARED_SELECTOR = YES;
				GCC_WARN_UNINITIALIZED_AUTOS = YES_AGGRESSIVE;
				GCC_WARN_UNUSED_FUNCTION = YES;
				GCC_WARN_UNUSED_VARIABLE = YES;
				IPHONEOS_DEPLOYMENT_TARGET = 15.5;
				MTL_ENABLE_DEBUG_INFO = NO;
				MTL_FAST_MATH = YES;
				SDKROOT = iphoneos;
				SWIFT_COMPILATION_MODE = wholemodule;
				SWIFT_OPTIMIZATION_LEVEL = "-O";
				VALIDATE_PRODUCT = YES;
			};
			name = Release;
		};
		C8DD6A572903DE1400CA896B /* Debug */ = {
			isa = XCBuildConfiguration;
			baseConfigurationReference = 328EBC18FF35FB634AF114C7 /* Pods-MakingConstraints.debug.xcconfig */;
			buildSettings = {
				ASSETCATALOG_COMPILER_APPICON_NAME = AppIcon;
				ASSETCATALOG_COMPILER_GLOBAL_ACCENT_COLOR_NAME = AccentColor;
				CODE_SIGN_STYLE = Automatic;
				CURRENT_PROJECT_VERSION = 1;
				DEVELOPMENT_TEAM = DNWTGQUU5Z;
				GENERATE_INFOPLIST_FILE = YES;
				INFOPLIST_FILE = MakingConstraints/Info.plist;
				INFOPLIST_KEY_UIApplicationSupportsIndirectInputEvents = YES;
				INFOPLIST_KEY_UILaunchStoryboardName = LaunchScreen;
				INFOPLIST_KEY_UISupportedInterfaceOrientations_iPad = "UIInterfaceOrientationPortrait UIInterfaceOrientationPortraitUpsideDown UIInterfaceOrientationLandscapeLeft UIInterfaceOrientationLandscapeRight";
				INFOPLIST_KEY_UISupportedInterfaceOrientations_iPhone = "UIInterfaceOrientationPortrait UIInterfaceOrientationLandscapeLeft UIInterfaceOrientationLandscapeRight";
				LD_RUNPATH_SEARCH_PATHS = (
					"$(inherited)",
					"@executable_path/Frameworks",
				);
				MARKETING_VERSION = 1.0;
				PRODUCT_BUNDLE_IDENTIFIER = KavaleuskiI.MakingConstraints;
				PRODUCT_NAME = "$(TARGET_NAME)";
				SWIFT_EMIT_LOC_STRINGS = YES;
				SWIFT_VERSION = 5.0;
				TARGETED_DEVICE_FAMILY = "1,2";
			};
			name = Debug;
		};
		C8DD6A582903DE1400CA896B /* Release */ = {
			isa = XCBuildConfiguration;
			baseConfigurationReference = 33B12A775A9FB0F75F30E5E6 /* Pods-MakingConstraints.release.xcconfig */;
			buildSettings = {
				ASSETCATALOG_COMPILER_APPICON_NAME = AppIcon;
				ASSETCATALOG_COMPILER_GLOBAL_ACCENT_COLOR_NAME = AccentColor;
				CODE_SIGN_STYLE = Automatic;
				CURRENT_PROJECT_VERSION = 1;
				DEVELOPMENT_TEAM = DNWTGQUU5Z;
				GENERATE_INFOPLIST_FILE = YES;
				INFOPLIST_FILE = MakingConstraints/Info.plist;
				INFOPLIST_KEY_UIApplicationSupportsIndirectInputEvents = YES;
				INFOPLIST_KEY_UILaunchStoryboardName = LaunchScreen;
				INFOPLIST_KEY_UISupportedInterfaceOrientations_iPad = "UIInterfaceOrientationPortrait UIInterfaceOrientationPortraitUpsideDown UIInterfaceOrientationLandscapeLeft UIInterfaceOrientationLandscapeRight";
				INFOPLIST_KEY_UISupportedInterfaceOrientations_iPhone = "UIInterfaceOrientationPortrait UIInterfaceOrientationLandscapeLeft UIInterfaceOrientationLandscapeRight";
				LD_RUNPATH_SEARCH_PATHS = (
					"$(inherited)",
					"@executable_path/Frameworks",
				);
				MARKETING_VERSION = 1.0;
				PRODUCT_BUNDLE_IDENTIFIER = KavaleuskiI.MakingConstraints;
				PRODUCT_NAME = "$(TARGET_NAME)";
				SWIFT_EMIT_LOC_STRINGS = YES;
				SWIFT_VERSION = 5.0;
				TARGETED_DEVICE_FAMILY = "1,2";
			};
			name = Release;
		};
/* End XCBuildConfiguration section */

/* Begin XCConfigurationList section */
		C8DD6A3A2903DE1200CA896B /* Build configuration list for PBXProject "MakingConstraints" */ = {
			isa = XCConfigurationList;
			buildConfigurations = (
				C8DD6A542903DE1400CA896B /* Debug */,
				C8DD6A552903DE1400CA896B /* Release */,
			);
			defaultConfigurationIsVisible = 0;
			defaultConfigurationName = Release;
		};
		C8DD6A562903DE1400CA896B /* Build configuration list for PBXNativeTarget "MakingConstraints" */ = {
			isa = XCConfigurationList;
			buildConfigurations = (
				C8DD6A572903DE1400CA896B /* Debug */,
				C8DD6A582903DE1400CA896B /* Release */,
			);
			defaultConfigurationIsVisible = 0;
			defaultConfigurationName = Release;
		};
/* End XCConfigurationList section */

/* Begin XCVersionGroup section */
		C8DD6A4B2903DE1200CA896B /* MakingConstraints.xcdatamodeld */ = {
			isa = XCVersionGroup;
			children = (
				C8DD6A4C2903DE1200CA896B /* MakingConstraints.xcdatamodel */,
			);
			currentVersion = C8DD6A4C2903DE1200CA896B /* MakingConstraints.xcdatamodel */;
			path = MakingConstraints.xcdatamodeld;
			sourceTree = "<group>";
			versionGroupType = wrapper.xcdatamodel;
		};
/* End XCVersionGroup section */
	};
	rootObject = C8DD6A372903DE1200CA896B /* Project object */;
}
